
Microsoft Visual Studio Solution File, Format Version 12.00
# Visual Studio Version 16
VisualStudioVersion = 16.0.31729.503
MinimumVisualStudioVersion = 10.0.40219.1
Project("{FAE04EC0-301F-11D3-BF4B-00C04F79EFBC}") = "ProvaDiscurciva", "ProvaDiscurciva.csproj", "{6896801D-CA07-4D7A-AB80-87FA2D7D747B}"
EndProject
Global
	GlobalSection(SolutionConfigurationPlatforms) = preSolution
		Debug|Any CPU = Debug|Any CPU
		Release|Any CPU = Release|Any CPU
	EndGlobalSection
	GlobalSection(ProjectConfigurationPlatforms) = postSolution
		{6896801D-CA07-4D7A-AB80-87FA2D7D747B}.Debug|Any CPU.ActiveCfg = Debug|Any CPU
		{6896801D-CA07-4D7A-AB80-87FA2D7D747B}.Debug|Any CPU.Build.0 = Debug|Any CPU
		{6896801D-CA07-4D7A-AB80-87FA2D7D747B}.Release|Any CPU.ActiveCfg = Release|Any CPU
		{6896801D-CA07-4D7A-AB80-87FA2D7D747B}.Release|Any CPU.Build.0 = Release|Any CPU
	EndGlobalSection
	GlobalSection(SolutionProperties) = preSolution
		HideSolutionNode = FALSE
	EndGlobalSection
	GlobalSection(ExtensibilityGlobals) = postSolution
		SolutionGuid = {6A2AD676-7BE1-416A-94C4-94FDC8B3643E}
	EndGlobalSection
EndGlobal
